// !$*UTF8*$!
{
	archiveVersion = 1;
	classes = {
	};
	objectVersion = 56;
	objects = {

/* Begin PBXBuildFile section */
		EB802B912AE4E52000F953A1 /* ScreenIdentifier.swift in Sources */ = {isa = PBXBuildFile; fileRef = EB802B902AE4E52000F953A1 /* ScreenIdentifier.swift */; };
		EB802B922AE4E52000F953A1 /* ScreenIdentifier.swift in Sources */ = {isa = PBXBuildFile; fileRef = EB802B902AE4E52000F953A1 /* ScreenIdentifier.swift */; };
		EB802B952AE4E74C00F953A1 /* MenuScreen.swift in Sources */ = {isa = PBXBuildFile; fileRef = EB802B932AE4E74C00F953A1 /* MenuScreen.swift */; };
		EB9AA11A2AE30C8200D6DBD8 /* AppDelegate.swift in Sources */ = {isa = PBXBuildFile; fileRef = EB9AA1192AE30C8200D6DBD8 /* AppDelegate.swift */; };
		EB9AA11C2AE30C8200D6DBD8 /* SceneDelegate.swift in Sources */ = {isa = PBXBuildFile; fileRef = EB9AA11B2AE30C8200D6DBD8 /* SceneDelegate.swift */; };
		EB9AA1232AE30C8400D6DBD8 /* Assets.xcassets in Resources */ = {isa = PBXBuildFile; fileRef = EB9AA1222AE30C8400D6DBD8 /* Assets.xcassets */; };
		EB9AA1312AE30C8400D6DBD8 /* synbiotixTests.swift in Sources */ = {isa = PBXBuildFile; fileRef = EB9AA1302AE30C8400D6DBD8 /* synbiotixTests.swift */; };
		EB9AA13B2AE30C8400D6DBD8 /* synbiotixUITests.swift in Sources */ = {isa = PBXBuildFile; fileRef = EB9AA13A2AE30C8400D6DBD8 /* synbiotixUITests.swift */; };
		EB9AA14B2AE3BF9500D6DBD8 /* Coordinator.swift in Sources */ = {isa = PBXBuildFile; fileRef = EB9AA14A2AE3BF9500D6DBD8 /* Coordinator.swift */; };
		EB9AA14D2AE3BFD000D6DBD8 /* Constants.swift in Sources */ = {isa = PBXBuildFile; fileRef = EB9AA14C2AE3BFD000D6DBD8 /* Constants.swift */; };
		EB9AA14F2AE3C09500D6DBD8 /* MasterCoordinator.swift in Sources */ = {isa = PBXBuildFile; fileRef = EB9AA14E2AE3C09500D6DBD8 /* MasterCoordinator.swift */; };
		EB9AA1522AE3C15700D6DBD8 /* AppNC.swift in Sources */ = {isa = PBXBuildFile; fileRef = EB9AA1512AE3C15700D6DBD8 /* AppNC.swift */; };
		EB9AA1552AE3C26A00D6DBD8 /* MenuView.swift in Sources */ = {isa = PBXBuildFile; fileRef = EB9AA1542AE3C26A00D6DBD8 /* MenuView.swift */; };
		EB9AA1592AE3D52100D6DBD8 /* Alamofire in Frameworks */ = {isa = PBXBuildFile; productRef = EB9AA1582AE3D52100D6DBD8 /* Alamofire */; };
		EB9AA15B2AE3D5DD00D6DBD8 /* APIRouter.swift in Sources */ = {isa = PBXBuildFile; fileRef = EB9AA15A2AE3D5DD00D6DBD8 /* APIRouter.swift */; };
		EB9AA15D2AE3DDE500D6DBD8 /* UserRequests.swift in Sources */ = {isa = PBXBuildFile; fileRef = EB9AA15C2AE3DDE500D6DBD8 /* UserRequests.swift */; };
		EB9AA1622AE3DFD000D6DBD8 /* Frosting.swift in Sources */ = {isa = PBXBuildFile; fileRef = EB9AA1612AE3DFD000D6DBD8 /* Frosting.swift */; };
		EB9AA1642AE3DFE400D6DBD8 /* Filling.swift in Sources */ = {isa = PBXBuildFile; fileRef = EB9AA1632AE3DFE400D6DBD8 /* Filling.swift */; };
		EB9AA1672AE3E31500D6DBD8 /* MenuVM.swift in Sources */ = {isa = PBXBuildFile; fileRef = EB9AA1662AE3E31500D6DBD8 /* MenuVM.swift */; };
		EB9AA16C2AE3F03C00D6DBD8 /* DonutButton.swift in Sources */ = {isa = PBXBuildFile; fileRef = EB9AA16B2AE3F03C00D6DBD8 /* DonutButton.swift */; };
		EB9AA16F2AE3F2FB00D6DBD8 /* DonutOptionItem.swift in Sources */ = {isa = PBXBuildFile; fileRef = EB9AA16E2AE3F2FB00D6DBD8 /* DonutOptionItem.swift */; };
		EB9AA1722AE3F67900D6DBD8 /* Double+Extension.swift in Sources */ = {isa = PBXBuildFile; fileRef = EB9AA1712AE3F67900D6DBD8 /* Double+Extension.swift */; };
		EB9AA1742AE408F700D6DBD8 /* ReceiptView.swift in Sources */ = {isa = PBXBuildFile; fileRef = EB9AA1732AE408F700D6DBD8 /* ReceiptView.swift */; };
		EB9AA1762AE40C0400D6DBD8 /* ReceiptVM.swift in Sources */ = {isa = PBXBuildFile; fileRef = EB9AA1752AE40C0400D6DBD8 /* ReceiptVM.swift */; };
		EB9AA1782AE41B9A00D6DBD8 /* AlertHelper.swift in Sources */ = {isa = PBXBuildFile; fileRef = EB9AA1772AE41B9A00D6DBD8 /* AlertHelper.swift */; };
		EB9AA17A2AE41BE500D6DBD8 /* UIApplication+Extension.swift in Sources */ = {isa = PBXBuildFile; fileRef = EB9AA1792AE41BE500D6DBD8 /* UIApplication+Extension.swift */; };
/* End PBXBuildFile section */

/* Begin PBXContainerItemProxy section */
		EB9AA12D2AE30C8400D6DBD8 /* PBXContainerItemProxy */ = {
			isa = PBXContainerItemProxy;
			containerPortal = EB9AA10E2AE30C8200D6DBD8 /* Project object */;
			proxyType = 1;
			remoteGlobalIDString = EB9AA1152AE30C8200D6DBD8;
			remoteInfo = synbiotix;
		};
		EB9AA1372AE30C8400D6DBD8 /* PBXContainerItemProxy */ = {
			isa = PBXContainerItemProxy;
			containerPortal = EB9AA10E2AE30C8200D6DBD8 /* Project object */;
			proxyType = 1;
			remoteGlobalIDString = EB9AA1152AE30C8200D6DBD8;
			remoteInfo = synbiotix;
		};
/* End PBXContainerItemProxy section */

/* Begin PBXFileReference section */
		EB802B902AE4E52000F953A1 /* ScreenIdentifier.swift */ = {isa = PBXFileReference; lastKnownFileType = sourcecode.swift; path = ScreenIdentifier.swift; sourceTree = "<group>"; };
		EB802B932AE4E74C00F953A1 /* MenuScreen.swift */ = {isa = PBXFileReference; lastKnownFileType = sourcecode.swift; path = MenuScreen.swift; sourceTree = "<group>"; };
		EB9AA1162AE30C8200D6DBD8 /* synbiotix.app */ = {isa = PBXFileReference; explicitFileType = wrapper.application; includeInIndex = 0; path = synbiotix.app; sourceTree = BUILT_PRODUCTS_DIR; };
		EB9AA1192AE30C8200D6DBD8 /* AppDelegate.swift */ = {isa = PBXFileReference; lastKnownFileType = sourcecode.swift; path = AppDelegate.swift; sourceTree = "<group>"; };
		EB9AA11B2AE30C8200D6DBD8 /* SceneDelegate.swift */ = {isa = PBXFileReference; lastKnownFileType = sourcecode.swift; path = SceneDelegate.swift; sourceTree = "<group>"; };
		EB9AA1222AE30C8400D6DBD8 /* Assets.xcassets */ = {isa = PBXFileReference; lastKnownFileType = folder.assetcatalog; path = Assets.xcassets; sourceTree = "<group>"; };
		EB9AA1272AE30C8400D6DBD8 /* Info.plist */ = {isa = PBXFileReference; lastKnownFileType = text.plist.xml; path = Info.plist; sourceTree = "<group>"; };
		EB9AA12C2AE30C8400D6DBD8 /* synbiotixTests.xctest */ = {isa = PBXFileReference; explicitFileType = wrapper.cfbundle; includeInIndex = 0; path = synbiotixTests.xctest; sourceTree = BUILT_PRODUCTS_DIR; };
		EB9AA1302AE30C8400D6DBD8 /* synbiotixTests.swift */ = {isa = PBXFileReference; lastKnownFileType = sourcecode.swift; path = synbiotixTests.swift; sourceTree = "<group>"; };
		EB9AA1362AE30C8400D6DBD8 /* synbiotixUITests.xctest */ = {isa = PBXFileReference; explicitFileType = wrapper.cfbundle; includeInIndex = 0; path = synbiotixUITests.xctest; sourceTree = BUILT_PRODUCTS_DIR; };
		EB9AA13A2AE30C8400D6DBD8 /* synbiotixUITests.swift */ = {isa = PBXFileReference; lastKnownFileType = sourcecode.swift; path = synbiotixUITests.swift; sourceTree = "<group>"; };
		EB9AA14A2AE3BF9500D6DBD8 /* Coordinator.swift */ = {isa = PBXFileReference; lastKnownFileType = sourcecode.swift; path = Coordinator.swift; sourceTree = "<group>"; };
		EB9AA14C2AE3BFD000D6DBD8 /* Constants.swift */ = {isa = PBXFileReference; lastKnownFileType = sourcecode.swift; path = Constants.swift; sourceTree = "<group>"; };
		EB9AA14E2AE3C09500D6DBD8 /* MasterCoordinator.swift */ = {isa = PBXFileReference; lastKnownFileType = sourcecode.swift; path = MasterCoordinator.swift; sourceTree = "<group>"; };
		EB9AA1512AE3C15700D6DBD8 /* AppNC.swift */ = {isa = PBXFileReference; lastKnownFileType = sourcecode.swift; path = AppNC.swift; sourceTree = "<group>"; };
		EB9AA1542AE3C26A00D6DBD8 /* MenuView.swift */ = {isa = PBXFileReference; lastKnownFileType = sourcecode.swift; path = MenuView.swift; sourceTree = "<group>"; };
		EB9AA15A2AE3D5DD00D6DBD8 /* APIRouter.swift */ = {isa = PBXFileReference; lastKnownFileType = sourcecode.swift; path = APIRouter.swift; sourceTree = "<group>"; };
		EB9AA15C2AE3DDE500D6DBD8 /* UserRequests.swift */ = {isa = PBXFileReference; lastKnownFileType = sourcecode.swift; path = UserRequests.swift; sourceTree = "<group>"; };
		EB9AA1612AE3DFD000D6DBD8 /* Frosting.swift */ = {isa = PBXFileReference; lastKnownFileType = sourcecode.swift; path = Frosting.swift; sourceTree = "<group>"; };
		EB9AA1632AE3DFE400D6DBD8 /* Filling.swift */ = {isa = PBXFileReference; lastKnownFileType = sourcecode.swift; path = Filling.swift; sourceTree = "<group>"; };
		EB9AA1662AE3E31500D6DBD8 /* MenuVM.swift */ = {isa = PBXFileReference; lastKnownFileType = sourcecode.swift; path = MenuVM.swift; sourceTree = "<group>"; };
		EB9AA16B2AE3F03C00D6DBD8 /* DonutButton.swift */ = {isa = PBXFileReference; lastKnownFileType = sourcecode.swift; path = DonutButton.swift; sourceTree = "<group>"; };
		EB9AA16E2AE3F2FB00D6DBD8 /* DonutOptionItem.swift */ = {isa = PBXFileReference; lastKnownFileType = sourcecode.swift; path = DonutOptionItem.swift; sourceTree = "<group>"; };
		EB9AA1712AE3F67900D6DBD8 /* Double+Extension.swift */ = {isa = PBXFileReference; lastKnownFileType = sourcecode.swift; path = "Double+Extension.swift"; sourceTree = "<group>"; };
		EB9AA1732AE408F700D6DBD8 /* ReceiptView.swift */ = {isa = PBXFileReference; lastKnownFileType = sourcecode.swift; path = ReceiptView.swift; sourceTree = "<group>"; };
		EB9AA1752AE40C0400D6DBD8 /* ReceiptVM.swift */ = {isa = PBXFileReference; lastKnownFileType = sourcecode.swift; path = ReceiptVM.swift; sourceTree = "<group>"; };
		EB9AA1772AE41B9A00D6DBD8 /* AlertHelper.swift */ = {isa = PBXFileReference; lastKnownFileType = sourcecode.swift; path = AlertHelper.swift; sourceTree = "<group>"; };
		EB9AA1792AE41BE500D6DBD8 /* UIApplication+Extension.swift */ = {isa = PBXFileReference; lastKnownFileType = sourcecode.swift; path = "UIApplication+Extension.swift"; sourceTree = "<group>"; };
/* End PBXFileReference section */

/* Begin PBXFrameworksBuildPhase section */
		EB9AA1132AE30C8200D6DBD8 /* Frameworks */ = {
			isa = PBXFrameworksBuildPhase;
			buildActionMask = 2147483647;
			files = (
				EB9AA1592AE3D52100D6DBD8 /* Alamofire in Frameworks */,
			);
			runOnlyForDeploymentPostprocessing = 0;
		};
		EB9AA1292AE30C8400D6DBD8 /* Frameworks */ = {
			isa = PBXFrameworksBuildPhase;
			buildActionMask = 2147483647;
			files = (
			);
			runOnlyForDeploymentPostprocessing = 0;
		};
		EB9AA1332AE30C8400D6DBD8 /* Frameworks */ = {
			isa = PBXFrameworksBuildPhase;
			buildActionMask = 2147483647;
			files = (
			);
			runOnlyForDeploymentPostprocessing = 0;
		};
/* End PBXFrameworksBuildPhase section */

/* Begin PBXGroup section */
		EB9AA10D2AE30C8200D6DBD8 = {
			isa = PBXGroup;
			children = (
				EB9AA1182AE30C8200D6DBD8 /* synbiotix */,
				EB9AA12F2AE30C8400D6DBD8 /* synbiotixTests */,
				EB9AA1392AE30C8400D6DBD8 /* synbiotixUITests */,
				EB9AA1172AE30C8200D6DBD8 /* Products */,
			);
			sourceTree = "<group>";
		};
		EB9AA1172AE30C8200D6DBD8 /* Products */ = {
			isa = PBXGroup;
			children = (
				EB9AA1162AE30C8200D6DBD8 /* synbiotix.app */,
				EB9AA12C2AE30C8400D6DBD8 /* synbiotixTests.xctest */,
				EB9AA1362AE30C8400D6DBD8 /* synbiotixUITests.xctest */,
			);
			name = Products;
			sourceTree = "<group>";
		};
		EB9AA1182AE30C8200D6DBD8 /* synbiotix */ = {
			isa = PBXGroup;
			children = (
				EB9AA1192AE30C8200D6DBD8 /* AppDelegate.swift */,
				EB9AA11B2AE30C8200D6DBD8 /* SceneDelegate.swift */,
				EB9AA1492AE3BF7800D6DBD8 /* Coordinators */,
				EB9AA1502AE3C14300D6DBD8 /* Controllers */,
				EB9AA1532AE3C25600D6DBD8 /* View */,
				EB9AA1652AE3E2FF00D6DBD8 /* ViewModels */,
				EB9AA1562AE3D26D00D6DBD8 /* API */,
				EB9AA1602AE3DFBB00D6DBD8 /* Model */,
				EB9AA17B2AE424EE00D6DBD8 /* Helpers */,
				EB9AA16D2AE3F27C00D6DBD8 /* Resources */,
				EB9AA1272AE30C8400D6DBD8 /* Info.plist */,
			);
			path = synbiotix;
			sourceTree = "<group>";
		};
		EB9AA12F2AE30C8400D6DBD8 /* synbiotixTests */ = {
			isa = PBXGroup;
			children = (
				EB9AA1302AE30C8400D6DBD8 /* synbiotixTests.swift */,
			);
			path = synbiotixTests;
			sourceTree = "<group>";
		};
		EB9AA1392AE30C8400D6DBD8 /* synbiotixUITests */ = {
			isa = PBXGroup;
			children = (
				EB9AA13A2AE30C8400D6DBD8 /* synbiotixUITests.swift */,
				EB802B932AE4E74C00F953A1 /* MenuScreen.swift */,
			);
			path = synbiotixUITests;
			sourceTree = "<group>";
		};
		EB9AA1492AE3BF7800D6DBD8 /* Coordinators */ = {
			isa = PBXGroup;
			children = (
				EB9AA14A2AE3BF9500D6DBD8 /* Coordinator.swift */,
				EB9AA14C2AE3BFD000D6DBD8 /* Constants.swift */,
				EB9AA14E2AE3C09500D6DBD8 /* MasterCoordinator.swift */,
			);
			path = Coordinators;
			sourceTree = "<group>";
		};
		EB9AA1502AE3C14300D6DBD8 /* Controllers */ = {
			isa = PBXGroup;
			children = (
				EB9AA1512AE3C15700D6DBD8 /* AppNC.swift */,
			);
			path = Controllers;
			sourceTree = "<group>";
		};
		EB9AA1532AE3C25600D6DBD8 /* View */ = {
			isa = PBXGroup;
			children = (
				EB9AA16A2AE3EE0D00D6DBD8 /* UIComponents */,
				EB9AA1542AE3C26A00D6DBD8 /* MenuView.swift */,
				EB9AA1732AE408F700D6DBD8 /* ReceiptView.swift */,
			);
			path = View;
			sourceTree = "<group>";
		};
		EB9AA1562AE3D26D00D6DBD8 /* API */ = {
			isa = PBXGroup;
			children = (
				EB9AA15C2AE3DDE500D6DBD8 /* UserRequests.swift */,
				EB9AA15A2AE3D5DD00D6DBD8 /* APIRouter.swift */,
			);
			path = API;
			sourceTree = "<group>";
		};
		EB9AA1602AE3DFBB00D6DBD8 /* Model */ = {
			isa = PBXGroup;
			children = (
				EB9AA1612AE3DFD000D6DBD8 /* Frosting.swift */,
				EB9AA1632AE3DFE400D6DBD8 /* Filling.swift */,
				EB802B902AE4E52000F953A1 /* ScreenIdentifier.swift */,
			);
			path = Model;
			sourceTree = "<group>";
		};
		EB9AA1652AE3E2FF00D6DBD8 /* ViewModels */ = {
			isa = PBXGroup;
			children = (
				EB9AA1662AE3E31500D6DBD8 /* MenuVM.swift */,
				EB9AA1752AE40C0400D6DBD8 /* ReceiptVM.swift */,
			);
			path = ViewModels;
			sourceTree = "<group>";
		};
		EB9AA16A2AE3EE0D00D6DBD8 /* UIComponents */ = {
			isa = PBXGroup;
			children = (
				EB9AA16B2AE3F03C00D6DBD8 /* DonutButton.swift */,
				EB9AA16E2AE3F2FB00D6DBD8 /* DonutOptionItem.swift */,
			);
			path = UIComponents;
			sourceTree = "<group>";
		};
		EB9AA16D2AE3F27C00D6DBD8 /* Resources */ = {
			isa = PBXGroup;
			children = (
				EB9AA1222AE30C8400D6DBD8 /* Assets.xcassets */,
			);
			path = Resources;
			sourceTree = "<group>";
		};
		EB9AA1702AE3F65900D6DBD8 /* Extensions */ = {
			isa = PBXGroup;
			children = (
				EB9AA1712AE3F67900D6DBD8 /* Double+Extension.swift */,
				EB9AA1792AE41BE500D6DBD8 /* UIApplication+Extension.swift */,
			);
			path = Extensions;
			sourceTree = "<group>";
		};
		EB9AA17B2AE424EE00D6DBD8 /* Helpers */ = {
			isa = PBXGroup;
			children = (
				EB9AA1702AE3F65900D6DBD8 /* Extensions */,
				EB9AA1772AE41B9A00D6DBD8 /* AlertHelper.swift */,
			);
			path = Helpers;
			sourceTree = "<group>";
		};
/* End PBXGroup section */

/* Begin PBXNativeTarget section */
		EB9AA1152AE30C8200D6DBD8 /* synbiotix */ = {
			isa = PBXNativeTarget;
			buildConfigurationList = EB9AA1402AE30C8400D6DBD8 /* Build configuration list for PBXNativeTarget "synbiotix" */;
			buildPhases = (
				EB9AA1122AE30C8200D6DBD8 /* Sources */,
				EB9AA1132AE30C8200D6DBD8 /* Frameworks */,
				EB9AA1142AE30C8200D6DBD8 /* Resources */,
			);
			buildRules = (
			);
			dependencies = (
			);
			name = synbiotix;
			packageProductDependencies = (
				EB9AA1582AE3D52100D6DBD8 /* Alamofire */,
			);
			productName = synbiotix;
			productReference = EB9AA1162AE30C8200D6DBD8 /* synbiotix.app */;
			productType = "com.apple.product-type.application";
		};
		EB9AA12B2AE30C8400D6DBD8 /* synbiotixTests */ = {
			isa = PBXNativeTarget;
			buildConfigurationList = EB9AA1432AE30C8400D6DBD8 /* Build configuration list for PBXNativeTarget "synbiotixTests" */;
			buildPhases = (
				EB9AA1282AE30C8400D6DBD8 /* Sources */,
				EB9AA1292AE30C8400D6DBD8 /* Frameworks */,
				EB9AA12A2AE30C8400D6DBD8 /* Resources */,
			);
			buildRules = (
			);
			dependencies = (
				EB9AA12E2AE30C8400D6DBD8 /* PBXTargetDependency */,
			);
			name = synbiotixTests;
			productName = synbiotixTests;
			productReference = EB9AA12C2AE30C8400D6DBD8 /* synbiotixTests.xctest */;
			productType = "com.apple.product-type.bundle.unit-test";
		};
		EB9AA1352AE30C8400D6DBD8 /* synbiotixUITests */ = {
			isa = PBXNativeTarget;
			buildConfigurationList = EB9AA1462AE30C8400D6DBD8 /* Build configuration list for PBXNativeTarget "synbiotixUITests" */;
			buildPhases = (
				EB9AA1322AE30C8400D6DBD8 /* Sources */,
				EB9AA1332AE30C8400D6DBD8 /* Frameworks */,
				EB9AA1342AE30C8400D6DBD8 /* Resources */,
			);
			buildRules = (
			);
			dependencies = (
				EB9AA1382AE30C8400D6DBD8 /* PBXTargetDependency */,
			);
			name = synbiotixUITests;
			productName = synbiotixUITests;
			productReference = EB9AA1362AE30C8400D6DBD8 /* synbiotixUITests.xctest */;
			productType = "com.apple.product-type.bundle.ui-testing";
		};
/* End PBXNativeTarget section */

/* Begin PBXProject section */
		EB9AA10E2AE30C8200D6DBD8 /* Project object */ = {
			isa = PBXProject;
			attributes = {
				BuildIndependentTargetsInParallel = 1;
				LastSwiftUpdateCheck = 1500;
				LastUpgradeCheck = 1500;
				TargetAttributes = {
					EB9AA1152AE30C8200D6DBD8 = {
						CreatedOnToolsVersion = 15.0.1;
					};
					EB9AA12B2AE30C8400D6DBD8 = {
						CreatedOnToolsVersion = 15.0.1;
						TestTargetID = EB9AA1152AE30C8200D6DBD8;
					};
					EB9AA1352AE30C8400D6DBD8 = {
						CreatedOnToolsVersion = 15.0.1;
						TestTargetID = EB9AA1152AE30C8200D6DBD8;
					};
				};
			};
			buildConfigurationList = EB9AA1112AE30C8200D6DBD8 /* Build configuration list for PBXProject "synbiotix" */;
			compatibilityVersion = "Xcode 14.0";
			developmentRegion = en;
			hasScannedForEncodings = 0;
			knownRegions = (
				en,
				Base,
			);
			mainGroup = EB9AA10D2AE30C8200D6DBD8;
			packageReferences = (
				EB9AA1572AE3D52100D6DBD8 /* XCRemoteSwiftPackageReference "Alamofire" */,
			);
			productRefGroup = EB9AA1172AE30C8200D6DBD8 /* Products */;
			projectDirPath = "";
			projectRoot = "";
			targets = (
				EB9AA1152AE30C8200D6DBD8 /* synbiotix */,
				EB9AA12B2AE30C8400D6DBD8 /* synbiotixTests */,
				EB9AA1352AE30C8400D6DBD8 /* synbiotixUITests */,
			);
		};
/* End PBXProject section */

/* Begin PBXResourcesBuildPhase section */
		EB9AA1142AE30C8200D6DBD8 /* Resources */ = {
			isa = PBXResourcesBuildPhase;
			buildActionMask = 2147483647;
			files = (
				EB9AA1232AE30C8400D6DBD8 /* Assets.xcassets in Resources */,
			);
			runOnlyForDeploymentPostprocessing = 0;
		};
		EB9AA12A2AE30C8400D6DBD8 /* Resources */ = {
			isa = PBXResourcesBuildPhase;
			buildActionMask = 2147483647;
			files = (
			);
			runOnlyForDeploymentPostprocessing = 0;
		};
		EB9AA1342AE30C8400D6DBD8 /* Resources */ = {
			isa = PBXResourcesBuildPhase;
			buildActionMask = 2147483647;
			files = (
			);
			runOnlyForDeploymentPostprocessing = 0;
		};
/* End PBXResourcesBuildPhase section */

/* Begin PBXSourcesBuildPhase section */
		EB9AA1122AE30C8200D6DBD8 /* Sources */ = {
			isa = PBXSourcesBuildPhase;
			buildActionMask = 2147483647;
			files = (
				EB9AA14D2AE3BFD000D6DBD8 /* Constants.swift in Sources */,
				EB9AA1622AE3DFD000D6DBD8 /* Frosting.swift in Sources */,
				EB9AA16F2AE3F2FB00D6DBD8 /* DonutOptionItem.swift in Sources */,
				EB9AA15B2AE3D5DD00D6DBD8 /* APIRouter.swift in Sources */,
				EB9AA1722AE3F67900D6DBD8 /* Double+Extension.swift in Sources */,
				EB802B912AE4E52000F953A1 /* ScreenIdentifier.swift in Sources */,
				EB9AA1552AE3C26A00D6DBD8 /* MenuView.swift in Sources */,
				EB9AA1782AE41B9A00D6DBD8 /* AlertHelper.swift in Sources */,
				EB9AA14B2AE3BF9500D6DBD8 /* Coordinator.swift in Sources */,
				EB9AA1672AE3E31500D6DBD8 /* MenuVM.swift in Sources */,
				EB9AA15D2AE3DDE500D6DBD8 /* UserRequests.swift in Sources */,
				EB9AA1742AE408F700D6DBD8 /* ReceiptView.swift in Sources */,
				EB9AA1762AE40C0400D6DBD8 /* ReceiptVM.swift in Sources */,
				EB9AA11A2AE30C8200D6DBD8 /* AppDelegate.swift in Sources */,
				EB9AA17A2AE41BE500D6DBD8 /* UIApplication+Extension.swift in Sources */,
				EB9AA16C2AE3F03C00D6DBD8 /* DonutButton.swift in Sources */,
				EB9AA1522AE3C15700D6DBD8 /* AppNC.swift in Sources */,
				EB9AA14F2AE3C09500D6DBD8 /* MasterCoordinator.swift in Sources */,
				EB9AA11C2AE30C8200D6DBD8 /* SceneDelegate.swift in Sources */,
				EB9AA1642AE3DFE400D6DBD8 /* Filling.swift in Sources */,
			);
			runOnlyForDeploymentPostprocessing = 0;
		};
		EB9AA1282AE30C8400D6DBD8 /* Sources */ = {
			isa = PBXSourcesBuildPhase;
			buildActionMask = 2147483647;
			files = (
				EB9AA1312AE30C8400D6DBD8 /* synbiotixTests.swift in Sources */,
			);
			runOnlyForDeploymentPostprocessing = 0;
		};
		EB9AA1322AE30C8400D6DBD8 /* Sources */ = {
			isa = PBXSourcesBuildPhase;
			buildActionMask = 2147483647;
			files = (
				EB802B952AE4E74C00F953A1 /* MenuScreen.swift in Sources */,
				EB9AA13B2AE30C8400D6DBD8 /* synbiotixUITests.swift in Sources */,
				EB802B922AE4E52000F953A1 /* ScreenIdentifier.swift in Sources */,
			);
			runOnlyForDeploymentPostprocessing = 0;
		};
/* End PBXSourcesBuildPhase section */

/* Begin PBXTargetDependency section */
		EB9AA12E2AE30C8400D6DBD8 /* PBXTargetDependency */ = {
			isa = PBXTargetDependency;
			target = EB9AA1152AE30C8200D6DBD8 /* synbiotix */;
			targetProxy = EB9AA12D2AE30C8400D6DBD8 /* PBXContainerItemProxy */;
		};
		EB9AA1382AE30C8400D6DBD8 /* PBXTargetDependency */ = {
			isa = PBXTargetDependency;
			target = EB9AA1152AE30C8200D6DBD8 /* synbiotix */;
			targetProxy = EB9AA1372AE30C8400D6DBD8 /* PBXContainerItemProxy */;
		};
/* End PBXTargetDependency section */

/* Begin XCBuildConfiguration section */
		EB9AA13E2AE30C8400D6DBD8 /* Debug */ = {
			isa = XCBuildConfiguration;
			buildSettings = {
				ALWAYS_SEARCH_USER_PATHS = NO;
				ASSETCATALOG_COMPILER_GENERATE_SWIFT_ASSET_SYMBOL_EXTENSIONS = YES;
				CLANG_ANALYZER_NONNULL = YES;
				CLANG_ANALYZER_NUMBER_OBJECT_CONVERSION = YES_AGGRESSIVE;
				CLANG_CXX_LANGUAGE_STANDARD = "gnu++20";
				CLANG_ENABLE_MODULES = YES;
				CLANG_ENABLE_OBJC_ARC = YES;
				CLANG_ENABLE_OBJC_WEAK = YES;
				CLANG_WARN_BLOCK_CAPTURE_AUTORELEASING = YES;
				CLANG_WARN_BOOL_CONVERSION = YES;
				CLANG_WARN_COMMA = YES;
				CLANG_WARN_CONSTANT_CONVERSION = YES;
				CLANG_WARN_DEPRECATED_OBJC_IMPLEMENTATIONS = YES;
				CLANG_WARN_DIRECT_OBJC_ISA_USAGE = YES_ERROR;
				CLANG_WARN_DOCUMENTATION_COMMENTS = YES;
				CLANG_WARN_EMPTY_BODY = YES;
				CLANG_WARN_ENUM_CONVERSION = YES;
				CLANG_WARN_INFINITE_RECURSION = YES;
				CLANG_WARN_INT_CONVERSION = YES;
				CLANG_WARN_NON_LITERAL_NULL_CONVERSION = YES;
				CLANG_WARN_OBJC_IMPLICIT_RETAIN_SELF = YES;
				CLANG_WARN_OBJC_LITERAL_CONVERSION = YES;
				CLANG_WARN_OBJC_ROOT_CLASS = YES_ERROR;
				CLANG_WARN_QUOTED_INCLUDE_IN_FRAMEWORK_HEADER = YES;
				CLANG_WARN_RANGE_LOOP_ANALYSIS = YES;
				CLANG_WARN_STRICT_PROTOTYPES = YES;
				CLANG_WARN_SUSPICIOUS_MOVE = YES;
				CLANG_WARN_UNGUARDED_AVAILABILITY = YES_AGGRESSIVE;
				CLANG_WARN_UNREACHABLE_CODE = YES;
				CLANG_WARN__DUPLICATE_METHOD_MATCH = YES;
				COPY_PHASE_STRIP = NO;
				DEBUG_INFORMATION_FORMAT = dwarf;
				ENABLE_STRICT_OBJC_MSGSEND = YES;
				ENABLE_TESTABILITY = YES;
				ENABLE_USER_SCRIPT_SANDBOXING = YES;
				GCC_C_LANGUAGE_STANDARD = gnu17;
				GCC_DYNAMIC_NO_PIC = NO;
				GCC_NO_COMMON_BLOCKS = YES;
				GCC_OPTIMIZATION_LEVEL = 0;
				GCC_PREPROCESSOR_DEFINITIONS = (
					"DEBUG=1",
					"$(inherited)",
				);
				GCC_WARN_64_TO_32_BIT_CONVERSION = YES;
				GCC_WARN_ABOUT_RETURN_TYPE = YES_ERROR;
				GCC_WARN_UNDECLARED_SELECTOR = YES;
				GCC_WARN_UNINITIALIZED_AUTOS = YES_AGGRESSIVE;
				GCC_WARN_UNUSED_FUNCTION = YES;
				GCC_WARN_UNUSED_VARIABLE = YES;
				IPHONEOS_DEPLOYMENT_TARGET = 17.0;
				LOCALIZATION_PREFERS_STRING_CATALOGS = YES;
				MTL_ENABLE_DEBUG_INFO = INCLUDE_SOURCE;
				MTL_FAST_MATH = YES;
				ONLY_ACTIVE_ARCH = YES;
				SDKROOT = iphoneos;
				SWIFT_ACTIVE_COMPILATION_CONDITIONS = "DEBUG $(inherited)";
				SWIFT_OPTIMIZATION_LEVEL = "-Onone";
			};
			name = Debug;
		};
		EB9AA13F2AE30C8400D6DBD8 /* Release */ = {
			isa = XCBuildConfiguration;
			buildSettings = {
				ALWAYS_SEARCH_USER_PATHS = NO;
				ASSETCATALOG_COMPILER_GENERATE_SWIFT_ASSET_SYMBOL_EXTENSIONS = YES;
				CLANG_ANALYZER_NONNULL = YES;
				CLANG_ANALYZER_NUMBER_OBJECT_CONVERSION = YES_AGGRESSIVE;
				CLANG_CXX_LANGUAGE_STANDARD = "gnu++20";
				CLANG_ENABLE_MODULES = YES;
				CLANG_ENABLE_OBJC_ARC = YES;
				CLANG_ENABLE_OBJC_WEAK = YES;
				CLANG_WARN_BLOCK_CAPTURE_AUTORELEASING = YES;
				CLANG_WARN_BOOL_CONVERSION = YES;
				CLANG_WARN_COMMA = YES;
				CLANG_WARN_CONSTANT_CONVERSION = YES;
				CLANG_WARN_DEPRECATED_OBJC_IMPLEMENTATIONS = YES;
				CLANG_WARN_DIRECT_OBJC_ISA_USAGE = YES_ERROR;
				CLANG_WARN_DOCUMENTATION_COMMENTS = YES;
				CLANG_WARN_EMPTY_BODY = YES;
				CLANG_WARN_ENUM_CONVERSION = YES;
				CLANG_WARN_INFINITE_RECURSION = YES;
				CLANG_WARN_INT_CONVERSION = YES;
				CLANG_WARN_NON_LITERAL_NULL_CONVERSION = YES;
				CLANG_WARN_OBJC_IMPLICIT_RETAIN_SELF = YES;
				CLANG_WARN_OBJC_LITERAL_CONVERSION = YES;
				CLANG_WARN_OBJC_ROOT_CLASS = YES_ERROR;
				CLANG_WARN_QUOTED_INCLUDE_IN_FRAMEWORK_HEADER = YES;
				CLANG_WARN_RANGE_LOOP_ANALYSIS = YES;
				CLANG_WARN_STRICT_PROTOTYPES = YES;
				CLANG_WARN_SUSPICIOUS_MOVE = YES;
				CLANG_WARN_UNGUARDED_AVAILABILITY = YES_AGGRESSIVE;
				CLANG_WARN_UNREACHABLE_CODE = YES;
				CLANG_WARN__DUPLICATE_METHOD_MATCH = YES;
				COPY_PHASE_STRIP = NO;
				DEBUG_INFORMATION_FORMAT = "dwarf-with-dsym";
				ENABLE_NS_ASSERTIONS = NO;
				ENABLE_STRICT_OBJC_MSGSEND = YES;
				ENABLE_USER_SCRIPT_SANDBOXING = YES;
				GCC_C_LANGUAGE_STANDARD = gnu17;
				GCC_NO_COMMON_BLOCKS = YES;
				GCC_WARN_64_TO_32_BIT_CONVERSION = YES;
				GCC_WARN_ABOUT_RETURN_TYPE = YES_ERROR;
				GCC_WARN_UNDECLARED_SELECTOR = YES;
				GCC_WARN_UNINITIALIZED_AUTOS = YES_AGGRESSIVE;
				GCC_WARN_UNUSED_FUNCTION = YES;
				GCC_WARN_UNUSED_VARIABLE = YES;
				IPHONEOS_DEPLOYMENT_TARGET = 17.0;
				LOCALIZATION_PREFERS_STRING_CATALOGS = YES;
				MTL_ENABLE_DEBUG_INFO = NO;
				MTL_FAST_MATH = YES;
				SDKROOT = iphoneos;
				SWIFT_COMPILATION_MODE = wholemodule;
				VALIDATE_PRODUCT = YES;
			};
			name = Release;
		};
		EB9AA1412AE30C8400D6DBD8 /* Debug */ = {
			isa = XCBuildConfiguration;
			buildSettings = {
				ASSETCATALOG_COMPILER_APPICON_NAME = AppIcon;
				ASSETCATALOG_COMPILER_GLOBAL_ACCENT_COLOR_NAME = AccentColor;
				CODE_SIGN_STYLE = Automatic;
				CURRENT_PROJECT_VERSION = 1;
				DEVELOPMENT_TEAM = 55RYHN64BR;
				GENERATE_INFOPLIST_FILE = YES;
				INFOPLIST_FILE = synbiotix/Info.plist;
				INFOPLIST_KEY_UIApplicationSupportsIndirectInputEvents = YES;
				INFOPLIST_KEY_UILaunchStoryboardName = LaunchScreen;
				INFOPLIST_KEY_UIMainStoryboardFile = "";
				INFOPLIST_KEY_UISupportedInterfaceOrientations_iPad = "UIInterfaceOrientationPortrait UIInterfaceOrientationPortraitUpsideDown UIInterfaceOrientationLandscapeLeft UIInterfaceOrientationLandscapeRight";
				INFOPLIST_KEY_UISupportedInterfaceOrientations_iPhone = "UIInterfaceOrientationPortrait UIInterfaceOrientationLandscapeLeft UIInterfaceOrientationLandscapeRight";
				IPHONEOS_DEPLOYMENT_TARGET = 16.3;
				LD_RUNPATH_SEARCH_PATHS = (
					"$(inherited)",
					"@executable_path/Frameworks",
				);
				MARKETING_VERSION = 1.0;
				PRODUCT_BUNDLE_IDENTIFIER = Neo.synbiotix;
				PRODUCT_NAME = "$(TARGET_NAME)";
				SWIFT_EMIT_LOC_STRINGS = YES;
				SWIFT_VERSION = 5.0;
				TARGETED_DEVICE_FAMILY = "1,2";
			};
			name = Debug;
		};
		EB9AA1422AE30C8400D6DBD8 /* Release */ = {
			isa = XCBuildConfiguration;
			buildSettings = {
				ASSETCATALOG_COMPILER_APPICON_NAME = AppIcon;
				ASSETCATALOG_COMPILER_GLOBAL_ACCENT_COLOR_NAME = AccentColor;
				CODE_SIGN_STYLE = Automatic;
				CURRENT_PROJECT_VERSION = 1;
				DEVELOPMENT_TEAM = 55RYHN64BR;
				GENERATE_INFOPLIST_FILE = YES;
				INFOPLIST_FILE = synbiotix/Info.plist;
				INFOPLIST_KEY_UIApplicationSupportsIndirectInputEvents = YES;
				INFOPLIST_KEY_UILaunchStoryboardName = LaunchScreen;
				INFOPLIST_KEY_UIMainStoryboardFile = "";
				INFOPLIST_KEY_UISupportedInterfaceOrientations_iPad = "UIInterfaceOrientationPortrait UIInterfaceOrientationPortraitUpsideDown UIInterfaceOrientationLandscapeLeft UIInterfaceOrientationLandscapeRight";
				INFOPLIST_KEY_UISupportedInterfaceOrientations_iPhone = "UIInterfaceOrientationPortrait UIInterfaceOrientationLandscapeLeft UIInterfaceOrientationLandscapeRight";
				IPHONEOS_DEPLOYMENT_TARGET = 16.3;
				LD_RUNPATH_SEARCH_PATHS = (
					"$(inherited)",
					"@executable_path/Frameworks",
				);
				MARKETING_VERSION = 1.0;
				PRODUCT_BUNDLE_IDENTIFIER = Neo.synbiotix;
				PRODUCT_NAME = "$(TARGET_NAME)";
				SWIFT_EMIT_LOC_STRINGS = YES;
				SWIFT_VERSION = 5.0;
				TARGETED_DEVICE_FAMILY = "1,2";
			};
			name = Release;
		};
		EB9AA1442AE30C8400D6DBD8 /* Debug */ = {
			isa = XCBuildConfiguration;
			buildSettings = {
				ALWAYS_EMBED_SWIFT_STANDARD_LIBRARIES = YES;
				BUNDLE_LOADER = "$(TEST_HOST)";
				CODE_SIGN_STYLE = Automatic;
				CURRENT_PROJECT_VERSION = 1;
				DEVELOPMENT_TEAM = 55RYHN64BR;
				GENERATE_INFOPLIST_FILE = YES;
				IPHONEOS_DEPLOYMENT_TARGET = 17.0;
				MARKETING_VERSION = 1.0;
				PRODUCT_BUNDLE_IDENTIFIER = Neo.synbiotixTests;
				PRODUCT_NAME = "$(TARGET_NAME)";
				SWIFT_EMIT_LOC_STRINGS = NO;
				SWIFT_VERSION = 5.0;
				TARGETED_DEVICE_FAMILY = "1,2";
				TEST_HOST = "$(BUILT_PRODUCTS_DIR)/synbiotix.app/$(BUNDLE_EXECUTABLE_FOLDER_PATH)/synbiotix";
			};
			name = Debug;
		};
		EB9AA1452AE30C8400D6DBD8 /* Release */ = {
			isa = XCBuildConfiguration;
			buildSettings = {
				ALWAYS_EMBED_SWIFT_STANDARD_LIBRARIES = YES;
				BUNDLE_LOADER = "$(TEST_HOST)";
				CODE_SIGN_STYLE = Automatic;
				CURRENT_PROJECT_VERSION = 1;
				DEVELOPMENT_TEAM = 55RYHN64BR;
				GENERATE_INFOPLIST_FILE = YES;
				IPHONEOS_DEPLOYMENT_TARGET = 17.0;
				MARKETING_VERSION = 1.0;
				PRODUCT_BUNDLE_IDENTIFIER = Neo.synbiotixTests;
				PRODUCT_NAME = "$(TARGET_NAME)";
				SWIFT_EMIT_LOC_STRINGS = NO;
				SWIFT_VERSION = 5.0;
				TARGETED_DEVICE_FAMILY = "1,2";
				TEST_HOST = "$(BUILT_PRODUCTS_DIR)/synbiotix.app/$(BUNDLE_EXECUTABLE_FOLDER_PATH)/synbiotix";
			};
			name = Release;
		};
		EB9AA1472AE30C8400D6DBD8 /* Debug */ = {
			isa = XCBuildConfiguration;
			buildSettings = {
				ALWAYS_EMBED_SWIFT_STANDARD_LIBRARIES = YES;
				CODE_SIGN_STYLE = Automatic;
				CURRENT_PROJECT_VERSION = 1;
				DEVELOPMENT_TEAM = 55RYHN64BR;
				GENERATE_INFOPLIST_FILE = YES;
				MARKETING_VERSION = 1.0;
				PRODUCT_BUNDLE_IDENTIFIER = Neo.synbiotixUITests;
				PRODUCT_NAME = "$(TARGET_NAME)";
				SWIFT_EMIT_LOC_STRINGS = NO;
				SWIFT_VERSION = 5.0;
				TARGETED_DEVICE_FAMILY = "1,2";
				TEST_TARGET_NAME = synbiotix;
			};
			name = Debug;
		};
		EB9AA1482AE30C8400D6DBD8 /* Release */ = {
			isa = XCBuildConfiguration;
			buildSettings = {
				ALWAYS_EMBED_SWIFT_STANDARD_LIBRARIES = YES;
				CODE_SIGN_STYLE = Automatic;
				CURRENT_PROJECT_VERSION = 1;
				DEVELOPMENT_TEAM = 55RYHN64BR;
				GENERATE_INFOPLIST_FILE = YES;
				MARKETING_VERSION = 1.0;
				PRODUCT_BUNDLE_IDENTIFIER = Neo.synbiotixUITests;
				PRODUCT_NAME = "$(TARGET_NAME)";
				SWIFT_EMIT_LOC_STRINGS = NO;
				SWIFT_VERSION = 5.0;
				TARGETED_DEVICE_FAMILY = "1,2";
				TEST_TARGET_NAME = synbiotix;
			};
			name = Release;
		};
/* End XCBuildConfiguration section */

/* Begin XCConfigurationList section */
		EB9AA1112AE30C8200D6DBD8 /* Build configuration list for PBXProject "synbiotix" */ = {
			isa = XCConfigurationList;
			buildConfigurations = (
				EB9AA13E2AE30C8400D6DBD8 /* Debug */,
				EB9AA13F2AE30C8400D6DBD8 /* Release */,
			);
			defaultConfigurationIsVisible = 0;
			defaultConfigurationName = Release;
		};
		EB9AA1402AE30C8400D6DBD8 /* Build configuration list for PBXNativeTarget "synbiotix" */ = {
			isa = XCConfigurationList;
			buildConfigurations = (
				EB9AA1412AE30C8400D6DBD8 /* Debug */,
				EB9AA1422AE30C8400D6DBD8 /* Release */,
			);
			defaultConfigurationIsVisible = 0;
			defaultConfigurationName = Release;
		};
		EB9AA1432AE30C8400D6DBD8 /* Build configuration list for PBXNativeTarget "synbiotixTests" */ = {
			isa = XCConfigurationList;
			buildConfigurations = (
				EB9AA1442AE30C8400D6DBD8 /* Debug */,
				EB9AA1452AE30C8400D6DBD8 /* Release */,
			);
			defaultConfigurationIsVisible = 0;
			defaultConfigurationName = Release;
		};
		EB9AA1462AE30C8400D6DBD8 /* Build configuration list for PBXNativeTarget "synbiotixUITests" */ = {
			isa = XCConfigurationList;
			buildConfigurations = (
				EB9AA1472AE30C8400D6DBD8 /* Debug */,
				EB9AA1482AE30C8400D6DBD8 /* Release */,
			);
			defaultConfigurationIsVisible = 0;
			defaultConfigurationName = Release;
		};
/* End XCConfigurationList section */

/* Begin XCRemoteSwiftPackageReference section */
		EB9AA1572AE3D52100D6DBD8 /* XCRemoteSwiftPackageReference "Alamofire" */ = {
			isa = XCRemoteSwiftPackageReference;
			repositoryURL = "https://github.com/Alamofire/Alamofire.git";
			requirement = {
				kind = upToNextMajorVersion;
				minimumVersion = 5.8.0;
			};
		};
/* End XCRemoteSwiftPackageReference section */

/* Begin XCSwiftPackageProductDependency section */
		EB9AA1582AE3D52100D6DBD8 /* Alamofire */ = {
			isa = XCSwiftPackageProductDependency;
			package = EB9AA1572AE3D52100D6DBD8 /* XCRemoteSwiftPackageReference "Alamofire" */;
			productName = Alamofire;
		};
/* End XCSwiftPackageProductDependency section */
	};
	rootObject = EB9AA10E2AE30C8200D6DBD8 /* Project object */;
}
